
Microsoft Visual Studio Solution File, Format Version 12.00
# Visual Studio Version 17
VisualStudioVersion = 17.13.35828.75 d17.13
MinimumVisualStudioVersion = 10.0.40219.1
Project("{FAE04EC0-301F-11D3-BF4B-00C04F79EFBC}") = "PLuginGHUB", "PLuginGHUB\PLuginGHUB.csproj", "{C1C8AF8C-68F5-4200-B190-6AA6FBD02621}"
EndProject
Global
	GlobalSection(SolutionConfigurationPlatforms) = preSolution
		Debug|Any CPU = Debug|Any CPU
		Release|Any CPU = Release|Any CPU
	EndGlobalSection
	GlobalSection(ProjectConfigurationPlatforms) = postSolution
		{C1C8AF8C-68F5-4200-B190-6AA6FBD02621}.Debug|Any CPU.ActiveCfg = Debug|Any CPU
		{C1C8AF8C-68F5-4200-B190-6AA6FBD02621}.Debug|Any CPU.Build.0 = Debug|Any CPU
		{C1C8AF8C-68F5-4200-B190-6AA6FBD02621}.Release|Any CPU.ActiveCfg = Release|Any CPU
		{C1C8AF8C-68F5-4200-B190-6AA6FBD02621}.Release|Any CPU.Build.0 = Release|Any CPU
	EndGlobalSection
	GlobalSection(SolutionProperties) = preSolution
		HideSolutionNode = FALSE
	EndGlobalSection
	GlobalSection(ExtensibilityGlobals) = postSolution
		SolutionGuid = {653BCD92-270E-4180-A051-272FDA06D647}
	EndGlobalSection
EndGlobal
